
Microsoft Visual Studio Solution File, Format Version 12.00
# Visual Studio Version 17
VisualStudioVersion = 17.7.34024.191
MinimumVisualStudioVersion = 10.0.40219.1
Project("{FAE04EC0-301F-11D3-BF4B-00C04F79EFBC}") = "NumbersGame", "NumbersGame\NumbersGame.csproj", "{71470150-4DAB-49D4-8549-F89A25AAE482}"
EndProject
Global
	GlobalSection(SolutionConfigurationPlatforms) = preSolution
		Debug|Any CPU = Debug|Any CPU
		Release|Any CPU = Release|Any CPU
	EndGlobalSection
	GlobalSection(ProjectConfigurationPlatforms) = postSolution
		{71470150-4DAB-49D4-8549-F89A25AAE482}.Debug|Any CPU.ActiveCfg = Debug|Any CPU
		{71470150-4DAB-49D4-8549-F89A25AAE482}.Debug|Any CPU.Build.0 = Debug|Any CPU
		{71470150-4DAB-49D4-8549-F89A25AAE482}.Release|Any CPU.ActiveCfg = Release|Any CPU
		{71470150-4DAB-49D4-8549-F89A25AAE482}.Release|Any CPU.Build.0 = Release|Any CPU
	EndGlobalSection
	GlobalSection(SolutionProperties) = preSolution
		HideSolutionNode = FALSE
	EndGlobalSection
	GlobalSection(ExtensibilityGlobals) = postSolution
		SolutionGuid = {513CE626-4FD1-4EAE-827E-45F687C47E0E}
	EndGlobalSection
EndGlobal
